
Microsoft Visual Studio Solution File, Format Version 12.00
# Visual Studio Version 17
VisualStudioVersion = 17.3.32825.248
MinimumVisualStudioVersion = 10.0.40219.1
Project("{FAE04EC0-301F-11D3-BF4B-00C04F79EFBC}") = "ClasePractica10", "ClasePractica10\ClasePractica10.csproj", "{57C77A5A-0EF5-483B-BA98-C77AE59DED74}"
EndProject
Global
	GlobalSection(SolutionConfigurationPlatforms) = preSolution
		Debug|Any CPU = Debug|Any CPU
		Release|Any CPU = Release|Any CPU
	EndGlobalSection
	GlobalSection(ProjectConfigurationPlatforms) = postSolution
		{57C77A5A-0EF5-483B-BA98-C77AE59DED74}.Debug|Any CPU.ActiveCfg = Debug|Any CPU
		{57C77A5A-0EF5-483B-BA98-C77AE59DED74}.Debug|Any CPU.Build.0 = Debug|Any CPU
		{57C77A5A-0EF5-483B-BA98-C77AE59DED74}.Release|Any CPU.ActiveCfg = Release|Any CPU
		{57C77A5A-0EF5-483B-BA98-C77AE59DED74}.Release|Any CPU.Build.0 = Release|Any CPU
	EndGlobalSection
	GlobalSection(SolutionProperties) = preSolution
		HideSolutionNode = FALSE
	EndGlobalSection
	GlobalSection(ExtensibilityGlobals) = postSolution
		SolutionGuid = {D2D1311C-6B89-45B9-BB39-8A446EC1EF22}
	EndGlobalSection
EndGlobal
