
Microsoft Visual Studio Solution File, Format Version 12.00
# Visual Studio Version 17
VisualStudioVersion = 17.3.32825.248
MinimumVisualStudioVersion = 10.0.40219.1
Project("{FAE04EC0-301F-11D3-BF4B-00C04F79EFBC}") = "ClasePractica8", "ClasePractica8\ClasePractica8.csproj", "{29DD7A4A-F477-44D6-A141-2EE4AF9FC15F}"
EndProject
Global
	GlobalSection(SolutionConfigurationPlatforms) = preSolution
		Debug|Any CPU = Debug|Any CPU
		Release|Any CPU = Release|Any CPU
	EndGlobalSection
	GlobalSection(ProjectConfigurationPlatforms) = postSolution
		{29DD7A4A-F477-44D6-A141-2EE4AF9FC15F}.Debug|Any CPU.ActiveCfg = Debug|Any CPU
		{29DD7A4A-F477-44D6-A141-2EE4AF9FC15F}.Debug|Any CPU.Build.0 = Debug|Any CPU
		{29DD7A4A-F477-44D6-A141-2EE4AF9FC15F}.Release|Any CPU.ActiveCfg = Release|Any CPU
		{29DD7A4A-F477-44D6-A141-2EE4AF9FC15F}.Release|Any CPU.Build.0 = Release|Any CPU
	EndGlobalSection
	GlobalSection(SolutionProperties) = preSolution
		HideSolutionNode = FALSE
	EndGlobalSection
	GlobalSection(ExtensibilityGlobals) = postSolution
		SolutionGuid = {473AC7B7-59EE-45F3-9AA3-C108D4762D78}
	EndGlobalSection
EndGlobal
