
Microsoft Visual Studio Solution File, Format Version 12.00
# Visual Studio Version 17
VisualStudioVersion = 17.3.32825.248
MinimumVisualStudioVersion = 10.0.40219.1
Project("{FAE04EC0-301F-11D3-BF4B-00C04F79EFBC}") = "ClasePractica6", "ClasePractica6\ClasePractica6.csproj", "{2D5DE5D4-4F9E-46B2-9F32-D26DCB8E3E29}"
EndProject
Global
	GlobalSection(SolutionConfigurationPlatforms) = preSolution
		Debug|Any CPU = Debug|Any CPU
		Release|Any CPU = Release|Any CPU
	EndGlobalSection
	GlobalSection(ProjectConfigurationPlatforms) = postSolution
		{2D5DE5D4-4F9E-46B2-9F32-D26DCB8E3E29}.Debug|Any CPU.ActiveCfg = Debug|Any CPU
		{2D5DE5D4-4F9E-46B2-9F32-D26DCB8E3E29}.Debug|Any CPU.Build.0 = Debug|Any CPU
		{2D5DE5D4-4F9E-46B2-9F32-D26DCB8E3E29}.Release|Any CPU.ActiveCfg = Release|Any CPU
		{2D5DE5D4-4F9E-46B2-9F32-D26DCB8E3E29}.Release|Any CPU.Build.0 = Release|Any CPU
	EndGlobalSection
	GlobalSection(SolutionProperties) = preSolution
		HideSolutionNode = FALSE
	EndGlobalSection
	GlobalSection(ExtensibilityGlobals) = postSolution
		SolutionGuid = {FA59A925-6BEB-4C1D-A0DA-F55E4AEF679E}
	EndGlobalSection
EndGlobal
